
Microsoft Visual Studio Solution File, Format Version 12.00
# Visual Studio Version 17
VisualStudioVersion = 17.14.36616.10
MinimumVisualStudioVersion = 10.0.40219.1
Project("{FAE04EC0-301F-11D3-BF4B-00C04F79EFBC}") = "LaunchManager", "LaunchManager\LaunchManager.csproj", "{643B0960-7B1C-455C-9E53-6BBC57DB73CA}"
EndProject
Project("{FAE04EC0-301F-11D3-BF4B-00C04F79EFBC}") = "LM", "LM\LM.csproj", "{6E5C0EB2-1BAE-4CC0-8E0E-8206BBBCC5AF}"
EndProject
Global
	GlobalSection(SolutionConfigurationPlatforms) = preSolution
		Debug|Any CPU = Debug|Any CPU
		Release|Any CPU = Release|Any CPU
	EndGlobalSection
	GlobalSection(ProjectConfigurationPlatforms) = postSolution
		{643B0960-7B1C-455C-9E53-6BBC57DB73CA}.Debug|Any CPU.ActiveCfg = Debug|Any CPU
		{643B0960-7B1C-455C-9E53-6BBC57DB73CA}.Debug|Any CPU.Build.0 = Debug|Any CPU
		{643B0960-7B1C-455C-9E53-6BBC57DB73CA}.Release|Any CPU.ActiveCfg = Release|Any CPU
		{643B0960-7B1C-455C-9E53-6BBC57DB73CA}.Release|Any CPU.Build.0 = Release|Any CPU
		{6E5C0EB2-1BAE-4CC0-8E0E-8206BBBCC5AF}.Debug|Any CPU.ActiveCfg = Debug|Any CPU
		{6E5C0EB2-1BAE-4CC0-8E0E-8206BBBCC5AF}.Debug|Any CPU.Build.0 = Debug|Any CPU
		{6E5C0EB2-1BAE-4CC0-8E0E-8206BBBCC5AF}.Release|Any CPU.ActiveCfg = Release|Any CPU
		{6E5C0EB2-1BAE-4CC0-8E0E-8206BBBCC5AF}.Release|Any CPU.Build.0 = Release|Any CPU
	EndGlobalSection
	GlobalSection(ProjectDependencies) = postSolution
		{643B0960-7B1C-455C-9E53-6BBC57DB73CA}.0 = {6E5C0EB2-1BAE-4CC0-8E0E-8206BBBCC5AF}
	EndGlobalSection
	GlobalSection(SolutionProperties) = preSolution
		HideSolutionNode = FALSE
	EndGlobalSection
	GlobalSection(ExtensibilityGlobals) = postSolution
		SolutionGuid = {626A9FF7-0F43-405D-BABF-057C62CB645C}
	EndGlobalSection
EndGlobal
